
Microsoft Visual Studio Solution File, Format Version 12.00
# Visual Studio 2012
Project("{FAE04EC0-301F-11D3-BF4B-00C04F79EFBC}") = "Helpers.WPFHelpers", "WPFHelpers\Helpers.WPFHelpers.csproj", "{C2729616-D97B-4C2E-8054-0FB74407C5D3}"
EndProject
Project("{FAE04EC0-301F-11D3-BF4B-00C04F79EFBC}") = "Helpers.Converters", "Converters\Helpers.Converters.csproj", "{14B91242-02C5-4629-9FB4-5285D2D07A30}"
EndProject
Project("{FAE04EC0-301F-11D3-BF4B-00C04F79EFBC}") = "Helpers.DataTypesMVVMLight", "DataTypesMVVMLight\Helpers.DataTypesMVVMLight.csproj", "{934A1213-2119-4059-9DA3-6D07597D6199}"
EndProject
Project("{FAE04EC0-301F-11D3-BF4B-00C04F79EFBC}") = "Helpers.FunctionsGeneric", "FunctionsGeneric\Helpers.FunctionsGeneric.csproj", "{79941F9B-15FC-4345-9532-7E8947BB5869}"
EndProject
Project("{FAE04EC0-301F-11D3-BF4B-00C04F79EFBC}") = "Helpers.DataTypesGeneric", "DataTypesGeneric\Helpers.DataTypesGeneric.csproj", "{6FE3FCAF-83CB-4E3A-8F05-B570B3856E19}"
EndProject
Project("{FAE04EC0-301F-11D3-BF4B-00C04F79EFBC}") = "Helpers.ActiveDirectoryHelpers", "Helpers.ActiveDirectoryHelpers\Helpers.ActiveDirectoryHelpers.csproj", "{F6A0A5D2-EE28-4018-B370-C1D7BBE3DA65}"
EndProject
Project("{FAE04EC0-301F-11D3-BF4B-00C04F79EFBC}") = "HelperTests", "HelperTests\HelperTests.csproj", "{B427D7C3-A5CF-48C3-A596-66EF4A3244B8}"
EndProject
Global
	GlobalSection(SolutionConfigurationPlatforms) = preSolution
		Debug|Any CPU = Debug|Any CPU
		Release|Any CPU = Release|Any CPU
	EndGlobalSection
	GlobalSection(ProjectConfigurationPlatforms) = postSolution
		{C2729616-D97B-4C2E-8054-0FB74407C5D3}.Debug|Any CPU.ActiveCfg = Debug|Any CPU
		{C2729616-D97B-4C2E-8054-0FB74407C5D3}.Debug|Any CPU.Build.0 = Debug|Any CPU
		{C2729616-D97B-4C2E-8054-0FB74407C5D3}.Release|Any CPU.ActiveCfg = Release|Any CPU
		{C2729616-D97B-4C2E-8054-0FB74407C5D3}.Release|Any CPU.Build.0 = Release|Any CPU
		{14B91242-02C5-4629-9FB4-5285D2D07A30}.Debug|Any CPU.ActiveCfg = Debug|Any CPU
		{14B91242-02C5-4629-9FB4-5285D2D07A30}.Debug|Any CPU.Build.0 = Debug|Any CPU
		{14B91242-02C5-4629-9FB4-5285D2D07A30}.Release|Any CPU.ActiveCfg = Release|Any CPU
		{14B91242-02C5-4629-9FB4-5285D2D07A30}.Release|Any CPU.Build.0 = Release|Any CPU
		{934A1213-2119-4059-9DA3-6D07597D6199}.Debug|Any CPU.ActiveCfg = Debug|Any CPU
		{934A1213-2119-4059-9DA3-6D07597D6199}.Debug|Any CPU.Build.0 = Debug|Any CPU
		{934A1213-2119-4059-9DA3-6D07597D6199}.Release|Any CPU.ActiveCfg = Release|Any CPU
		{934A1213-2119-4059-9DA3-6D07597D6199}.Release|Any CPU.Build.0 = Release|Any CPU
		{79941F9B-15FC-4345-9532-7E8947BB5869}.Debug|Any CPU.ActiveCfg = Debug|Any CPU
		{79941F9B-15FC-4345-9532-7E8947BB5869}.Debug|Any CPU.Build.0 = Debug|Any CPU
		{79941F9B-15FC-4345-9532-7E8947BB5869}.Release|Any CPU.ActiveCfg = Release|Any CPU
		{79941F9B-15FC-4345-9532-7E8947BB5869}.Release|Any CPU.Build.0 = Release|Any CPU
		{6FE3FCAF-83CB-4E3A-8F05-B570B3856E19}.Debug|Any CPU.ActiveCfg = Debug|Any CPU
		{6FE3FCAF-83CB-4E3A-8F05-B570B3856E19}.Debug|Any CPU.Build.0 = Debug|Any CPU
		{6FE3FCAF-83CB-4E3A-8F05-B570B3856E19}.Release|Any CPU.ActiveCfg = Release|Any CPU
		{6FE3FCAF-83CB-4E3A-8F05-B570B3856E19}.Release|Any CPU.Build.0 = Release|Any CPU
		{F6A0A5D2-EE28-4018-B370-C1D7BBE3DA65}.Debug|Any CPU.ActiveCfg = Debug|Any CPU
		{F6A0A5D2-EE28-4018-B370-C1D7BBE3DA65}.Debug|Any CPU.Build.0 = Debug|Any CPU
		{F6A0A5D2-EE28-4018-B370-C1D7BBE3DA65}.Release|Any CPU.ActiveCfg = Release|Any CPU
		{F6A0A5D2-EE28-4018-B370-C1D7BBE3DA65}.Release|Any CPU.Build.0 = Release|Any CPU
		{B427D7C3-A5CF-48C3-A596-66EF4A3244B8}.Debug|Any CPU.ActiveCfg = Debug|Any CPU
		{B427D7C3-A5CF-48C3-A596-66EF4A3244B8}.Debug|Any CPU.Build.0 = Debug|Any CPU
		{B427D7C3-A5CF-48C3-A596-66EF4A3244B8}.Release|Any CPU.ActiveCfg = Release|Any CPU
		{B427D7C3-A5CF-48C3-A596-66EF4A3244B8}.Release|Any CPU.Build.0 = Release|Any CPU
	EndGlobalSection
	GlobalSection(SolutionProperties) = preSolution
		HideSolutionNode = FALSE
	EndGlobalSection
EndGlobal
